
Microsoft Visual Studio Solution File, Format Version 12.00
# Visual Studio 15
VisualStudioVersion = 15.0.26430.12
MinimumVisualStudioVersion = 10.0.40219.1
Project("{FAE04EC0-301F-11D3-BF4B-00C04F79EFBC}") = "Shop", "Shop.csproj", "{E1A3273D-4E37-4719-AC39-CF37A8B8077F}"
EndProject
Project("{2150E333-8FDC-42A3-9474-1A3956D46DE8}") = "Modules", "Modules", "{659FC5E2-28D6-4087-B7B0-F46E4BECB97B}"
EndProject
Project("{FAE04EC0-301F-11D3-BF4B-00C04F79EFBC}") = "Module.Cashbox", "..\TestModule\Module.Cashbox.csproj", "{AB8B448C-DD74-4D60-A041-3E5D03A32180}"
EndProject
Project("{2150E333-8FDC-42A3-9474-1A3956D46DE8}") = "Infrastructure", "Infrastructure", "{22789A5F-5F47-4BF6-BF89-543FB55C759C}"
EndProject
Project("{FAE04EC0-301F-11D3-BF4B-00C04F79EFBC}") = "Infrastructure.Common", "Infrastructure.Common\Infrastructure.Common.csproj", "{B9C2907C-8A76-4CF1-BEB5-92123D5742C2}"
EndProject
Project("{FAE04EC0-301F-11D3-BF4B-00C04F79EFBC}") = "Infrastructure.DAL", "Infrastructure.DAL\Infrastructure.DAL.csproj", "{764C28D0-AE13-4C8E-BB91-5225C31DB460}"
EndProject
Project("{2150E333-8FDC-42A3-9474-1A3956D46DE8}") = "Documents", "Documents", "{15289724-020B-4600-BB8E-0D59F9E832BC}"
	ProjectSection(SolutionItems) = preProject
		Description.txt = Description.txt
		..\Documents\Касса.png = ..\Documents\Касса.png
		..\Documents\ТЗ.txt = ..\Documents\ТЗ.txt
	EndProjectSection
EndProject
Global
	GlobalSection(SolutionConfigurationPlatforms) = preSolution
		Debug|Any CPU = Debug|Any CPU
		Release|Any CPU = Release|Any CPU
	EndGlobalSection
	GlobalSection(ProjectConfigurationPlatforms) = postSolution
		{E1A3273D-4E37-4719-AC39-CF37A8B8077F}.Debug|Any CPU.ActiveCfg = Debug|Any CPU
		{E1A3273D-4E37-4719-AC39-CF37A8B8077F}.Debug|Any CPU.Build.0 = Debug|Any CPU
		{E1A3273D-4E37-4719-AC39-CF37A8B8077F}.Release|Any CPU.ActiveCfg = Release|Any CPU
		{E1A3273D-4E37-4719-AC39-CF37A8B8077F}.Release|Any CPU.Build.0 = Release|Any CPU
		{AB8B448C-DD74-4D60-A041-3E5D03A32180}.Debug|Any CPU.ActiveCfg = Debug|Any CPU
		{AB8B448C-DD74-4D60-A041-3E5D03A32180}.Debug|Any CPU.Build.0 = Debug|Any CPU
		{AB8B448C-DD74-4D60-A041-3E5D03A32180}.Release|Any CPU.ActiveCfg = Release|Any CPU
		{AB8B448C-DD74-4D60-A041-3E5D03A32180}.Release|Any CPU.Build.0 = Release|Any CPU
		{B9C2907C-8A76-4CF1-BEB5-92123D5742C2}.Debug|Any CPU.ActiveCfg = Debug|Any CPU
		{B9C2907C-8A76-4CF1-BEB5-92123D5742C2}.Debug|Any CPU.Build.0 = Debug|Any CPU
		{B9C2907C-8A76-4CF1-BEB5-92123D5742C2}.Release|Any CPU.ActiveCfg = Release|Any CPU
		{B9C2907C-8A76-4CF1-BEB5-92123D5742C2}.Release|Any CPU.Build.0 = Release|Any CPU
		{764C28D0-AE13-4C8E-BB91-5225C31DB460}.Debug|Any CPU.ActiveCfg = Debug|Any CPU
		{764C28D0-AE13-4C8E-BB91-5225C31DB460}.Debug|Any CPU.Build.0 = Debug|Any CPU
		{764C28D0-AE13-4C8E-BB91-5225C31DB460}.Release|Any CPU.ActiveCfg = Release|Any CPU
		{764C28D0-AE13-4C8E-BB91-5225C31DB460}.Release|Any CPU.Build.0 = Release|Any CPU
	EndGlobalSection
	GlobalSection(SolutionProperties) = preSolution
		HideSolutionNode = FALSE
	EndGlobalSection
	GlobalSection(NestedProjects) = preSolution
		{AB8B448C-DD74-4D60-A041-3E5D03A32180} = {659FC5E2-28D6-4087-B7B0-F46E4BECB97B}
		{B9C2907C-8A76-4CF1-BEB5-92123D5742C2} = {22789A5F-5F47-4BF6-BF89-543FB55C759C}
		{764C28D0-AE13-4C8E-BB91-5225C31DB460} = {22789A5F-5F47-4BF6-BF89-543FB55C759C}
	EndGlobalSection
EndGlobal
